// !$*UTF8*$!
{
	archiveVersion = 1;
	classes = {
	};
	objectVersion = 48;
	objects = {

/* Begin PBXBuildFile section */
		A1BAAF662604B3530017677E /* Model.swift in Sources */ = {isa = PBXBuildFile; fileRef = A1BAAF652604B3530017677E /* Model.swift */; };
		A1EED89926039B01005A377B /* input_ios.json in Resources */ = {isa = PBXBuildFile; fileRef = A1EED89826039B01005A377B /* input_ios.json */; };
		A1EED89E2603A185005A377B /* CustomTableViewCell.swift in Sources */ = {isa = PBXBuildFile; fileRef = A1EED89C2603A185005A377B /* CustomTableViewCell.swift */; };
		A1EED89F2603A185005A377B /* CustomTableViewCell.xib in Resources */ = {isa = PBXBuildFile; fileRef = A1EED89D2603A185005A377B /* CustomTableViewCell.xib */; };
		DC87C83C2034AB42003D8E66 /* AppDelegate.swift in Sources */ = {isa = PBXBuildFile; fileRef = DC87C83B2034AB42003D8E66 /* AppDelegate.swift */; };
		DC87C83E2034AB42003D8E66 /* ViewController.swift in Sources */ = {isa = PBXBuildFile; fileRef = DC87C83D2034AB42003D8E66 /* ViewController.swift */; };
		DC87C8412034AB42003D8E66 /* Main.storyboard in Resources */ = {isa = PBXBuildFile; fileRef = DC87C83F2034AB42003D8E66 /* Main.storyboard */; };
		DC87C8432034AB42003D8E66 /* Assets.xcassets in Resources */ = {isa = PBXBuildFile; fileRef = DC87C8422034AB42003D8E66 /* Assets.xcassets */; };
		DC87C8462034AB42003D8E66 /* LaunchScreen.storyboard in Resources */ = {isa = PBXBuildFile; fileRef = DC87C8442034AB42003D8E66 /* LaunchScreen.storyboard */; };
/* End PBXBuildFile section */

/* Begin PBXFileReference section */
		A1BAAF652604B3530017677E /* Model.swift */ = {isa = PBXFileReference; lastKnownFileType = sourcecode.swift; path = Model.swift; sourceTree = "<group>"; };
		A1EED89826039B01005A377B /* input_ios.json */ = {isa = PBXFileReference; fileEncoding = 4; lastKnownFileType = text.json; path = input_ios.json; sourceTree = "<group>"; };
		A1EED89C2603A185005A377B /* CustomTableViewCell.swift */ = {isa = PBXFileReference; lastKnownFileType = sourcecode.swift; path = CustomTableViewCell.swift; sourceTree = "<group>"; };
		A1EED89D2603A185005A377B /* CustomTableViewCell.xib */ = {isa = PBXFileReference; lastKnownFileType = file.xib; path = CustomTableViewCell.xib; sourceTree = "<group>"; };
		DC87C8382034AB42003D8E66 /* Dropdown-menu.app */ = {isa = PBXFileReference; explicitFileType = wrapper.application; includeInIndex = 0; path = "Dropdown-menu.app"; sourceTree = BUILT_PRODUCTS_DIR; };
		DC87C83B2034AB42003D8E66 /* AppDelegate.swift */ = {isa = PBXFileReference; lastKnownFileType = sourcecode.swift; path = AppDelegate.swift; sourceTree = "<group>"; };
		DC87C83D2034AB42003D8E66 /* ViewController.swift */ = {isa = PBXFileReference; lastKnownFileType = sourcecode.swift; path = ViewController.swift; sourceTree = "<group>"; };
		DC87C8402034AB42003D8E66 /* Base */ = {isa = PBXFileReference; lastKnownFileType = file.storyboard; name = Base; path = Base.lproj/Main.storyboard; sourceTree = "<group>"; };
		DC87C8422034AB42003D8E66 /* Assets.xcassets */ = {isa = PBXFileReference; lastKnownFileType = folder.assetcatalog; path = Assets.xcassets; sourceTree = "<group>"; };
		DC87C8452034AB42003D8E66 /* Base */ = {isa = PBXFileReference; lastKnownFileType = file.storyboard; name = Base; path = Base.lproj/LaunchScreen.storyboard; sourceTree = "<group>"; };
		DC87C8472034AB42003D8E66 /* Info.plist */ = {isa = PBXFileReference; lastKnownFileType = text.plist.xml; path = Info.plist; sourceTree = "<group>"; };
/* End PBXFileReference section */

/* Begin PBXFrameworksBuildPhase section */
		DC87C8352034AB42003D8E66 /* Frameworks */ = {
			isa = PBXFrameworksBuildPhase;
			buildActionMask = 2147483647;
			files = (
			);
			runOnlyForDeploymentPostprocessing = 0;
		};
/* End PBXFrameworksBuildPhase section */

/* Begin PBXGroup section */
		A1BAAF6B2604B3D90017677E /* Model */ = {
			isa = PBXGroup;
			children = (
				A1BAAF652604B3530017677E /* Model.swift */,
				A1EED89826039B01005A377B /* input_ios.json */,
			);
			path = Model;
			sourceTree = "<group>";
		};
		A1BAAF6D2604B3E00017677E /* View */ = {
			isa = PBXGroup;
			children = (
				DC87C8442034AB42003D8E66 /* LaunchScreen.storyboard */,
				DC87C83F2034AB42003D8E66 /* Main.storyboard */,
				A1EED89D2603A185005A377B /* CustomTableViewCell.xib */,
			);
			path = View;
			sourceTree = "<group>";
		};
		A1BAAF6E2604B3EC0017677E /* Controller */ = {
			isa = PBXGroup;
			children = (
				DC87C83D2034AB42003D8E66 /* ViewController.swift */,
				A1EED89C2603A185005A377B /* CustomTableViewCell.swift */,
			);
			path = Controller;
			sourceTree = "<group>";
		};
		A1BAAF6F2604B41B0017677E /* SupportingFiles */ = {
			isa = PBXGroup;
			children = (
				DC87C83B2034AB42003D8E66 /* AppDelegate.swift */,
				DC87C8422034AB42003D8E66 /* Assets.xcassets */,
			);
			path = SupportingFiles;
			sourceTree = "<group>";
		};
		DC87C82F2034AB42003D8E66 = {
			isa = PBXGroup;
			children = (
				DC87C83A2034AB42003D8E66 /* Dropdown-menu */,
				DC87C8392034AB42003D8E66 /* Products */,
			);
			sourceTree = "<group>";
		};
		DC87C8392034AB42003D8E66 /* Products */ = {
			isa = PBXGroup;
			children = (
				DC87C8382034AB42003D8E66 /* Dropdown-menu.app */,
			);
			name = Products;
			sourceTree = "<group>";
		};
		DC87C83A2034AB42003D8E66 /* Dropdown-menu */ = {
			isa = PBXGroup;
			children = (
				A1BAAF6B2604B3D90017677E /* Model */,
				A1BAAF6D2604B3E00017677E /* View */,
				A1BAAF6E2604B3EC0017677E /* Controller */,
				A1BAAF6F2604B41B0017677E /* SupportingFiles */,
				DC87C8472034AB42003D8E66 /* Info.plist */,
			);
			path = "Dropdown-menu";
			sourceTree = "<group>";
		};
/* End PBXGroup section */

/* Begin PBXNativeTarget section */
		DC87C8372034AB42003D8E66 /* Dropdown-menu */ = {
			isa = PBXNativeTarget;
			buildConfigurationList = DC87C84A2034AB42003D8E66 /* Build configuration list for PBXNativeTarget "Dropdown-menu" */;
			buildPhases = (
				DC87C8342034AB42003D8E66 /* Sources */,
				DC87C8352034AB42003D8E66 /* Frameworks */,
				DC87C8362034AB42003D8E66 /* Resources */,
			);
			buildRules = (
			);
			dependencies = (
			);
			name = "Dropdown-menu";
			productName = "Dropdown-menu";
			productReference = DC87C8382034AB42003D8E66 /* Dropdown-menu.app */;
			productType = "com.apple.product-type.application";
		};
/* End PBXNativeTarget section */

/* Begin PBXProject section */
		DC87C8302034AB42003D8E66 /* Project object */ = {
			isa = PBXProject;
			attributes = {
				LastSwiftUpdateCheck = 0920;
				LastUpgradeCheck = 0920;
				ORGANIZATIONNAME = "Dhruvil Patel";
				TargetAttributes = {
					DC87C8372034AB42003D8E66 = {
						CreatedOnToolsVersion = 9.2;
						ProvisioningStyle = Manual;
					};
				};
			};
			buildConfigurationList = DC87C8332034AB42003D8E66 /* Build configuration list for PBXProject "Dropdown-menu" */;
			compatibilityVersion = "Xcode 8.0";
			developmentRegion = en;
			hasScannedForEncodings = 0;
			knownRegions = (
				en,
				Base,
			);
			mainGroup = DC87C82F2034AB42003D8E66;
			productRefGroup = DC87C8392034AB42003D8E66 /* Products */;
			projectDirPath = "";
			projectRoot = "";
			targets = (
				DC87C8372034AB42003D8E66 /* Dropdown-menu */,
			);
		};
/* End PBXProject section */

/* Begin PBXResourcesBuildPhase section */
		DC87C8362034AB42003D8E66 /* Resources */ = {
			isa = PBXResourcesBuildPhase;
			buildActionMask = 2147483647;
			files = (
				A1EED89926039B01005A377B /* input_ios.json in Resources */,
				DC87C8462034AB42003D8E66 /* LaunchScreen.storyboard in Resources */,
				DC87C8432034AB42003D8E66 /* Assets.xcassets in Resources */,
				A1EED89F2603A185005A377B /* CustomTableViewCell.xib in Resources */,
				DC87C8412034AB42003D8E66 /* Main.storyboard in Resources */,
			);
			runOnlyForDeploymentPostprocessing = 0;
		};
/* End PBXResourcesBuildPhase section */

/* Begin PBXSourcesBuildPhase section */
		DC87C8342034AB42003D8E66 /* Sources */ = {
			isa = PBXSourcesBuildPhase;
			buildActionMask = 2147483647;
			files = (
				A1EED89E2603A185005A377B /* CustomTableViewCell.swift in Sources */,
				DC87C83E2034AB42003D8E66 /* ViewController.swift in Sources */,
				DC87C83C2034AB42003D8E66 /* AppDelegate.swift in Sources */,
				A1BAAF662604B3530017677E /* Model.swift in Sources */,
			);
			runOnlyForDeploymentPostprocessing = 0;
		};
/* End PBXSourcesBuildPhase section */

/* Begin PBXVariantGroup section */
		DC87C83F2034AB42003D8E66 /* Main.storyboard */ = {
			isa = PBXVariantGroup;
			children = (
				DC87C8402034AB42003D8E66 /* Base */,
			);
			name = Main.storyboard;
			sourceTree = "<group>";
		};
		DC87C8442034AB42003D8E66 /* LaunchScreen.storyboard */ = {
			isa = PBXVariantGroup;
			children = (
				DC87C8452034AB42003D8E66 /* Base */,
			);
			name = LaunchScreen.storyboard;
			sourceTree = "<group>";
		};
/* End PBXVariantGroup section */

/* Begin XCBuildConfiguration section */
		DC87C8482034AB42003D8E66 /* Debug */ = {
			isa = XCBuildConfiguration;
			buildSettings = {
				ALWAYS_SEARCH_USER_PATHS = NO;
				CLANG_ANALYZER_NONNULL = YES;
				CLANG_ANALYZER_NUMBER_OBJECT_CONVERSION = YES_AGGRESSIVE;
				CLANG_CXX_LANGUAGE_STANDARD = "gnu++14";
				CLANG_CXX_LIBRARY = "libc++";
				CLANG_ENABLE_MODULES = YES;
				CLANG_ENABLE_OBJC_ARC = YES;
				CLANG_WARN_BLOCK_CAPTURE_AUTORELEASING = YES;
				CLANG_WARN_BOOL_CONVERSION = YES;
				CLANG_WARN_COMMA = YES;
				CLANG_WARN_CONSTANT_CONVERSION = YES;
				CLANG_WARN_DIRECT_OBJC_ISA_USAGE = YES_ERROR;
				CLANG_WARN_DOCUMENTATION_COMMENTS = YES;
				CLANG_WARN_EMPTY_BODY = YES;
				CLANG_WARN_ENUM_CONVERSION = YES;
				CLANG_WARN_INFINITE_RECURSION = YES;
				CLANG_WARN_INT_CONVERSION = YES;
				CLANG_WARN_NON_LITERAL_NULL_CONVERSION = YES;
				CLANG_WARN_OBJC_LITERAL_CONVERSION = YES;
				CLANG_WARN_OBJC_ROOT_CLASS = YES_ERROR;
				CLANG_WARN_RANGE_LOOP_ANALYSIS = YES;
				CLANG_WARN_STRICT_PROTOTYPES = YES;
				CLANG_WARN_SUSPICIOUS_MOVE = YES;
				CLANG_WARN_UNGUARDED_AVAILABILITY = YES_AGGRESSIVE;
				CLANG_WARN_UNREACHABLE_CODE = YES;
				CLANG_WARN__DUPLICATE_METHOD_MATCH = YES;
				CODE_SIGN_IDENTITY = "iPhone Developer";
				COPY_PHASE_STRIP = NO;
				DEBUG_INFORMATION_FORMAT = dwarf;
				ENABLE_STRICT_OBJC_MSGSEND = YES;
				ENABLE_TESTABILITY = YES;
				GCC_C_LANGUAGE_STANDARD = gnu11;
				GCC_DYNAMIC_NO_PIC = NO;
				GCC_NO_COMMON_BLOCKS = YES;
				GCC_OPTIMIZATION_LEVEL = 0;
				GCC_PREPROCESSOR_DEFINITIONS = (
					"DEBUG=1",
					"$(inherited)",
				);
				GCC_WARN_64_TO_32_BIT_CONVERSION = YES;
				GCC_WARN_ABOUT_RETURN_TYPE = YES_ERROR;
				GCC_WARN_UNDECLARED_SELECTOR = YES;
				GCC_WARN_UNINITIALIZED_AUTOS = YES_AGGRESSIVE;
				GCC_WARN_UNUSED_FUNCTION = YES;
				GCC_WARN_UNUSED_VARIABLE = YES;
				IPHONEOS_DEPLOYMENT_TARGET = 11.2;
				MTL_ENABLE_DEBUG_INFO = YES;
				ONLY_ACTIVE_ARCH = YES;
				SDKROOT = iphoneos;
				SWIFT_ACTIVE_COMPILATION_CONDITIONS = DEBUG;
				SWIFT_OPTIMIZATION_LEVEL = "-Onone";
			};
			name = Debug;
		};
		DC87C8492034AB42003D8E66 /* Release */ = {
			isa = XCBuildConfiguration;
			buildSettings = {
				ALWAYS_SEARCH_USER_PATHS = NO;
				CLANG_ANALYZER_NONNULL = YES;
				CLANG_ANALYZER_NUMBER_OBJECT_CONVERSION = YES_AGGRESSIVE;
				CLANG_CXX_LANGUAGE_STANDARD = "gnu++14";
				CLANG_CXX_LIBRARY = "libc++";
				CLANG_ENABLE_MODULES = YES;
				CLANG_ENABLE_OBJC_ARC = YES;
				CLANG_WARN_BLOCK_CAPTURE_AUTORELEASING = YES;
				CLANG_WARN_BOOL_CONVERSION = YES;
				CLANG_WARN_COMMA = YES;
				CLANG_WARN_CONSTANT_CONVERSION = YES;
				CLANG_WARN_DIRECT_OBJC_ISA_USAGE = YES_ERROR;
				CLANG_WARN_DOCUMENTATION_COMMENTS = YES;
				CLANG_WARN_EMPTY_BODY = YES;
				CLANG_WARN_ENUM_CONVERSION = YES;
				CLANG_WARN_INFINITE_RECURSION = YES;
				CLANG_WARN_INT_CONVERSION = YES;
				CLANG_WARN_NON_LITERAL_NULL_CONVERSION = YES;
				CLANG_WARN_OBJC_LITERAL_CONVERSION = YES;
				CLANG_WARN_OBJC_ROOT_CLASS = YES_ERROR;
				CLANG_WARN_RANGE_LOOP_ANALYSIS = YES;
				CLANG_WARN_STRICT_PROTOTYPES = YES;
				CLANG_WARN_SUSPICIOUS_MOVE = YES;
				CLANG_WARN_UNGUARDED_AVAILABILITY = YES_AGGRESSIVE;
				CLANG_WARN_UNREACHABLE_CODE = YES;
				CLANG_WARN__DUPLICATE_METHOD_MATCH = YES;
				CODE_SIGN_IDENTITY = "iPhone Developer";
				COPY_PHASE_STRIP = NO;
				DEBUG_INFORMATION_FORMAT = "dwarf-with-dsym";
				ENABLE_NS_ASSERTIONS = NO;
				ENABLE_STRICT_OBJC_MSGSEND = YES;
				GCC_C_LANGUAGE_STANDARD = gnu11;
				GCC_NO_COMMON_BLOCKS = YES;
				GCC_WARN_64_TO_32_BIT_CONVERSION = YES;
				GCC_WARN_ABOUT_RETURN_TYPE = YES_ERROR;
				GCC_WARN_UNDECLARED_SELECTOR = YES;
				GCC_WARN_UNINITIALIZED_AUTOS = YES_AGGRESSIVE;
				GCC_WARN_UNUSED_FUNCTION = YES;
				GCC_WARN_UNUSED_VARIABLE = YES;
				IPHONEOS_DEPLOYMENT_TARGET = 11.2;
				MTL_ENABLE_DEBUG_INFO = NO;
				SDKROOT = iphoneos;
				SWIFT_OPTIMIZATION_LEVEL = "-Owholemodule";
				VALIDATE_PRODUCT = YES;
			};
			name = Release;
		};
		DC87C84B2034AB42003D8E66 /* Debug */ = {
			isa = XCBuildConfiguration;
			buildSettings = {
				ASSETCATALOG_COMPILER_APPICON_NAME = AppIcon;
				CODE_SIGN_STYLE = Manual;
				DEVELOPMENT_TEAM = "";
				INFOPLIST_FILE = "Dropdown-menu/Info.plist";
				LD_RUNPATH_SEARCH_PATHS = "$(inherited) @executable_path/Frameworks";
				PRODUCT_BUNDLE_IDENTIFIER = "com.dhruvilPatel.Dropdown-menu";
				PRODUCT_NAME = "$(TARGET_NAME)";
				PROVISIONING_PROFILE_SPECIFIER = "";
				SWIFT_VERSION = 4.0;
				TARGETED_DEVICE_FAMILY = "1,2";
			};
			name = Debug;
		};
		DC87C84C2034AB42003D8E66 /* Release */ = {
			isa = XCBuildConfiguration;
			buildSettings = {
				ASSETCATALOG_COMPILER_APPICON_NAME = AppIcon;
				CODE_SIGN_STYLE = Manual;
				DEVELOPMENT_TEAM = "";
				INFOPLIST_FILE = "Dropdown-menu/Info.plist";
				LD_RUNPATH_SEARCH_PATHS = "$(inherited) @executable_path/Frameworks";
				PRODUCT_BUNDLE_IDENTIFIER = "com.dhruvilPatel.Dropdown-menu";
				PRODUCT_NAME = "$(TARGET_NAME)";
				PROVISIONING_PROFILE_SPECIFIER = "";
				SWIFT_VERSION = 4.0;
				TARGETED_DEVICE_FAMILY = "1,2";
			};
			name = Release;
		};
/* End XCBuildConfiguration section */

/* Begin XCConfigurationList section */
		DC87C8332034AB42003D8E66 /* Build configuration list for PBXProject "Dropdown-menu" */ = {
			isa = XCConfigurationList;
			buildConfigurations = (
				DC87C8482034AB42003D8E66 /* Debug */,
				DC87C8492034AB42003D8E66 /* Release */,
			);
			defaultConfigurationIsVisible = 0;
			defaultConfigurationName = Release;
		};
		DC87C84A2034AB42003D8E66 /* Build configuration list for PBXNativeTarget "Dropdown-menu" */ = {
			isa = XCConfigurationList;
			buildConfigurations = (
				DC87C84B2034AB42003D8E66 /* Debug */,
				DC87C84C2034AB42003D8E66 /* Release */,
			);
			defaultConfigurationIsVisible = 0;
			defaultConfigurationName = Release;
		};
/* End XCConfigurationList section */
	};
	rootObject = DC87C8302034AB42003D8E66 /* Project object */;
}
